// !$*UTF8*$!
{
	archiveVersion = 1;
	classes = {
	};
	objectVersion = 56;
	objects = {

/* Begin PBXBuildFile section */
		D0353E8929E1CA2600E3B7CE /* DetailsViewController.swift in Sources */ = {isa = PBXBuildFile; fileRef = D0353E8829E1CA2600E3B7CE /* DetailsViewController.swift */; };
		D0353E8B29E1E93100E3B7CE /* WeatherModels.swift in Sources */ = {isa = PBXBuildFile; fileRef = D0353E8A29E1E93100E3B7CE /* WeatherModels.swift */; };
		D0353E8D29E2128700E3B7CE /* WeatherDetailView.swift in Sources */ = {isa = PBXBuildFile; fileRef = D0353E8C29E2128700E3B7CE /* WeatherDetailView.swift */; };
		D08B74A029DF63AE00D70CE3 /* AppDelegate.swift in Sources */ = {isa = PBXBuildFile; fileRef = D08B749F29DF63AE00D70CE3 /* AppDelegate.swift */; };
		D08B74A229DF63AE00D70CE3 /* SceneDelegate.swift in Sources */ = {isa = PBXBuildFile; fileRef = D08B74A129DF63AE00D70CE3 /* SceneDelegate.swift */; };
		D08B74A429DF63AE00D70CE3 /* ViewController.swift in Sources */ = {isa = PBXBuildFile; fileRef = D08B74A329DF63AE00D70CE3 /* ViewController.swift */; };
		D08B74A729DF63AE00D70CE3 /* Main.storyboard in Resources */ = {isa = PBXBuildFile; fileRef = D08B74A529DF63AE00D70CE3 /* Main.storyboard */; };
		D08B74A929DF63B000D70CE3 /* Assets.xcassets in Resources */ = {isa = PBXBuildFile; fileRef = D08B74A829DF63B000D70CE3 /* Assets.xcassets */; };
		D08B74AC29DF63B000D70CE3 /* LaunchScreen.storyboard in Resources */ = {isa = PBXBuildFile; fileRef = D08B74AA29DF63B000D70CE3 /* LaunchScreen.storyboard */; };
		D08B74B729DF63B000D70CE3 /* project_2Tests.swift in Sources */ = {isa = PBXBuildFile; fileRef = D08B74B629DF63B000D70CE3 /* project_2Tests.swift */; };
		D08B74C129DF63B000D70CE3 /* project_2UITests.swift in Sources */ = {isa = PBXBuildFile; fileRef = D08B74C029DF63B000D70CE3 /* project_2UITests.swift */; };
		D08B74C329DF63B000D70CE3 /* project_2UITestsLaunchTests.swift in Sources */ = {isa = PBXBuildFile; fileRef = D08B74C229DF63B000D70CE3 /* project_2UITestsLaunchTests.swift */; };
/* End PBXBuildFile section */

/* Begin PBXContainerItemProxy section */
		D08B74B329DF63B000D70CE3 /* PBXContainerItemProxy */ = {
			isa = PBXContainerItemProxy;
			containerPortal = D08B749429DF63AE00D70CE3 /* Project object */;
			proxyType = 1;
			remoteGlobalIDString = D08B749B29DF63AE00D70CE3;
			remoteInfo = project_2;
		};
		D08B74BD29DF63B000D70CE3 /* PBXContainerItemProxy */ = {
			isa = PBXContainerItemProxy;
			containerPortal = D08B749429DF63AE00D70CE3 /* Project object */;
			proxyType = 1;
			remoteGlobalIDString = D08B749B29DF63AE00D70CE3;
			remoteInfo = project_2;
		};
/* End PBXContainerItemProxy section */

/* Begin PBXFileReference section */
		D0353E8829E1CA2600E3B7CE /* DetailsViewController.swift */ = {isa = PBXFileReference; lastKnownFileType = sourcecode.swift; path = DetailsViewController.swift; sourceTree = "<group>"; };
		D0353E8A29E1E93100E3B7CE /* WeatherModels.swift */ = {isa = PBXFileReference; lastKnownFileType = sourcecode.swift; path = WeatherModels.swift; sourceTree = "<group>"; };
		D0353E8C29E2128700E3B7CE /* WeatherDetailView.swift */ = {isa = PBXFileReference; lastKnownFileType = sourcecode.swift; path = WeatherDetailView.swift; sourceTree = "<group>"; };
		D08B749C29DF63AE00D70CE3 /* project_2.app */ = {isa = PBXFileReference; explicitFileType = wrapper.application; includeInIndex = 0; path = project_2.app; sourceTree = BUILT_PRODUCTS_DIR; };
		D08B749F29DF63AE00D70CE3 /* AppDelegate.swift */ = {isa = PBXFileReference; lastKnownFileType = sourcecode.swift; path = AppDelegate.swift; sourceTree = "<group>"; };
		D08B74A129DF63AE00D70CE3 /* SceneDelegate.swift */ = {isa = PBXFileReference; lastKnownFileType = sourcecode.swift; path = SceneDelegate.swift; sourceTree = "<group>"; };
		D08B74A329DF63AE00D70CE3 /* ViewController.swift */ = {isa = PBXFileReference; lastKnownFileType = sourcecode.swift; path = ViewController.swift; sourceTree = "<group>"; };
		D08B74A629DF63AE00D70CE3 /* Base */ = {isa = PBXFileReference; lastKnownFileType = file.storyboard; name = Base; path = Base.lproj/Main.storyboard; sourceTree = "<group>"; };
		D08B74A829DF63B000D70CE3 /* Assets.xcassets */ = {isa = PBXFileReference; lastKnownFileType = folder.assetcatalog; path = Assets.xcassets; sourceTree = "<group>"; };
		D08B74AB29DF63B000D70CE3 /* Base */ = {isa = PBXFileReference; lastKnownFileType = file.storyboard; name = Base; path = Base.lproj/LaunchScreen.storyboard; sourceTree = "<group>"; };
		D08B74AD29DF63B000D70CE3 /* Info.plist */ = {isa = PBXFileReference; lastKnownFileType = text.plist.xml; path = Info.plist; sourceTree = "<group>"; };
		D08B74B229DF63B000D70CE3 /* project_2Tests.xctest */ = {isa = PBXFileReference; explicitFileType = wrapper.cfbundle; includeInIndex = 0; path = project_2Tests.xctest; sourceTree = BUILT_PRODUCTS_DIR; };
		D08B74B629DF63B000D70CE3 /* project_2Tests.swift */ = {isa = PBXFileReference; lastKnownFileType = sourcecode.swift; path = project_2Tests.swift; sourceTree = "<group>"; };
		D08B74BC29DF63B000D70CE3 /* project_2UITests.xctest */ = {isa = PBXFileReference; explicitFileType = wrapper.cfbundle; includeInIndex = 0; path = project_2UITests.xctest; sourceTree = BUILT_PRODUCTS_DIR; };
		D08B74C029DF63B000D70CE3 /* project_2UITests.swift */ = {isa = PBXFileReference; lastKnownFileType = sourcecode.swift; path = project_2UITests.swift; sourceTree = "<group>"; };
		D08B74C229DF63B000D70CE3 /* project_2UITestsLaunchTests.swift */ = {isa = PBXFileReference; lastKnownFileType = sourcecode.swift; path = project_2UITestsLaunchTests.swift; sourceTree = "<group>"; };
/* End PBXFileReference section */

/* Begin PBXFrameworksBuildPhase section */
		D08B749929DF63AE00D70CE3 /* Frameworks */ = {
			isa = PBXFrameworksBuildPhase;
			buildActionMask = 2147483647;
			files = (
			);
			runOnlyForDeploymentPostprocessing = 0;
		};
		D08B74AF29DF63B000D70CE3 /* Frameworks */ = {
			isa = PBXFrameworksBuildPhase;
			buildActionMask = 2147483647;
			files = (
			);
			runOnlyForDeploymentPostprocessing = 0;
		};
		D08B74B929DF63B000D70CE3 /* Frameworks */ = {
			isa = PBXFrameworksBuildPhase;
			buildActionMask = 2147483647;
			files = (
			);
			runOnlyForDeploymentPostprocessing = 0;
		};
/* End PBXFrameworksBuildPhase section */

/* Begin PBXGroup section */
		D08B749329DF63AE00D70CE3 = {
			isa = PBXGroup;
			children = (
				D08B749E29DF63AE00D70CE3 /* project_2 */,
				D08B74B529DF63B000D70CE3 /* project_2Tests */,
				D08B74BF29DF63B000D70CE3 /* project_2UITests */,
				D08B749D29DF63AE00D70CE3 /* Products */,
			);
			sourceTree = "<group>";
		};
		D08B749D29DF63AE00D70CE3 /* Products */ = {
			isa = PBXGroup;
			children = (
				D08B749C29DF63AE00D70CE3 /* project_2.app */,
				D08B74B229DF63B000D70CE3 /* project_2Tests.xctest */,
				D08B74BC29DF63B000D70CE3 /* project_2UITests.xctest */,
			);
			name = Products;
			sourceTree = "<group>";
		};
		D08B749E29DF63AE00D70CE3 /* project_2 */ = {
			isa = PBXGroup;
			children = (
				D08B749F29DF63AE00D70CE3 /* AppDelegate.swift */,
				D08B74A129DF63AE00D70CE3 /* SceneDelegate.swift */,
				D08B74A329DF63AE00D70CE3 /* ViewController.swift */,
				D08B74A529DF63AE00D70CE3 /* Main.storyboard */,
				D08B74A829DF63B000D70CE3 /* Assets.xcassets */,
				D08B74AA29DF63B000D70CE3 /* LaunchScreen.storyboard */,
				D08B74AD29DF63B000D70CE3 /* Info.plist */,
				D0353E8829E1CA2600E3B7CE /* DetailsViewController.swift */,
				D0353E8A29E1E93100E3B7CE /* WeatherModels.swift */,
				D0353E8C29E2128700E3B7CE /* WeatherDetailView.swift */,
			);
			path = project_2;
			sourceTree = "<group>";
		};
		D08B74B529DF63B000D70CE3 /* project_2Tests */ = {
			isa = PBXGroup;
			children = (
				D08B74B629DF63B000D70CE3 /* project_2Tests.swift */,
			);
			path = project_2Tests;
			sourceTree = "<group>";
		};
		D08B74BF29DF63B000D70CE3 /* project_2UITests */ = {
			isa = PBXGroup;
			children = (
				D08B74C029DF63B000D70CE3 /* project_2UITests.swift */,
				D08B74C229DF63B000D70CE3 /* project_2UITestsLaunchTests.swift */,
			);
			path = project_2UITests;
			sourceTree = "<group>";
		};
/* End PBXGroup section */

/* Begin PBXNativeTarget section */
		D08B749B29DF63AE00D70CE3 /* project_2 */ = {
			isa = PBXNativeTarget;
			buildConfigurationList = D08B74C629DF63B000D70CE3 /* Build configuration list for PBXNativeTarget "project_2" */;
			buildPhases = (
				D08B749829DF63AE00D70CE3 /* Sources */,
				D08B749929DF63AE00D70CE3 /* Frameworks */,
				D08B749A29DF63AE00D70CE3 /* Resources */,
			);
			buildRules = (
			);
			dependencies = (
			);
			name = project_2;
			productName = project_2;
			productReference = D08B749C29DF63AE00D70CE3 /* project_2.app */;
			productType = "com.apple.product-type.application";
		};
		D08B74B129DF63B000D70CE3 /* project_2Tests */ = {
			isa = PBXNativeTarget;
			buildConfigurationList = D08B74C929DF63B000D70CE3 /* Build configuration list for PBXNativeTarget "project_2Tests" */;
			buildPhases = (
				D08B74AE29DF63B000D70CE3 /* Sources */,
				D08B74AF29DF63B000D70CE3 /* Frameworks */,
				D08B74B029DF63B000D70CE3 /* Resources */,
			);
			buildRules = (
			);
			dependencies = (
				D08B74B429DF63B000D70CE3 /* PBXTargetDependency */,
			);
			name = project_2Tests;
			productName = project_2Tests;
			productReference = D08B74B229DF63B000D70CE3 /* project_2Tests.xctest */;
			productType = "com.apple.product-type.bundle.unit-test";
		};
		D08B74BB29DF63B000D70CE3 /* project_2UITests */ = {
			isa = PBXNativeTarget;
			buildConfigurationList = D08B74CC29DF63B000D70CE3 /* Build configuration list for PBXNativeTarget "project_2UITests" */;
			buildPhases = (
				D08B74B829DF63B000D70CE3 /* Sources */,
				D08B74B929DF63B000D70CE3 /* Frameworks */,
				D08B74BA29DF63B000D70CE3 /* Resources */,
			);
			buildRules = (
			);
			dependencies = (
				D08B74BE29DF63B000D70CE3 /* PBXTargetDependency */,
			);
			name = project_2UITests;
			productName = project_2UITests;
			productReference = D08B74BC29DF63B000D70CE3 /* project_2UITests.xctest */;
			productType = "com.apple.product-type.bundle.ui-testing";
		};
/* End PBXNativeTarget section */

/* Begin PBXProject section */
		D08B749429DF63AE00D70CE3 /* Project object */ = {
			isa = PBXProject;
			attributes = {
				BuildIndependentTargetsInParallel = 1;
				LastSwiftUpdateCheck = 1420;
				LastUpgradeCheck = 1420;
				TargetAttributes = {
					D08B749B29DF63AE00D70CE3 = {
						CreatedOnToolsVersion = 14.2;
					};
					D08B74B129DF63B000D70CE3 = {
						CreatedOnToolsVersion = 14.2;
						TestTargetID = D08B749B29DF63AE00D70CE3;
					};
					D08B74BB29DF63B000D70CE3 = {
						CreatedOnToolsVersion = 14.2;
						TestTargetID = D08B749B29DF63AE00D70CE3;
					};
				};
			};
			buildConfigurationList = D08B749729DF63AE00D70CE3 /* Build configuration list for PBXProject "project_2" */;
			compatibilityVersion = "Xcode 14.0";
			developmentRegion = en;
			hasScannedForEncodings = 0;
			knownRegions = (
				en,
				Base,
			);
			mainGroup = D08B749329DF63AE00D70CE3;
			productRefGroup = D08B749D29DF63AE00D70CE3 /* Products */;
			projectDirPath = "";
			projectRoot = "";
			targets = (
				D08B749B29DF63AE00D70CE3 /* project_2 */,
				D08B74B129DF63B000D70CE3 /* project_2Tests */,
				D08B74BB29DF63B000D70CE3 /* project_2UITests */,
			);
		};
/* End PBXProject section */

/* Begin PBXResourcesBuildPhase section */
		D08B749A29DF63AE00D70CE3 /* Resources */ = {
			isa = PBXResourcesBuildPhase;
			buildActionMask = 2147483647;
			files = (
				D08B74AC29DF63B000D70CE3 /* LaunchScreen.storyboard in Resources */,
				D08B74A929DF63B000D70CE3 /* Assets.xcassets in Resources */,
				D08B74A729DF63AE00D70CE3 /* Main.storyboard in Resources */,
			);
			runOnlyForDeploymentPostprocessing = 0;
		};
		D08B74B029DF63B000D70CE3 /* Resources */ = {
			isa = PBXResourcesBuildPhase;
			buildActionMask = 2147483647;
			files = (
			);
			runOnlyForDeploymentPostprocessing = 0;
		};
		D08B74BA29DF63B000D70CE3 /* Resources */ = {
			isa = PBXResourcesBuildPhase;
			buildActionMask = 2147483647;
			files = (
			);
			runOnlyForDeploymentPostprocessing = 0;
		};
/* End PBXResourcesBuildPhase section */

/* Begin PBXSourcesBuildPhase section */
		D08B749829DF63AE00D70CE3 /* Sources */ = {
			isa = PBXSourcesBuildPhase;
			buildActionMask = 2147483647;
			files = (
				D0353E8D29E2128700E3B7CE /* WeatherDetailView.swift in Sources */,
				D08B74A429DF63AE00D70CE3 /* ViewController.swift in Sources */,
				D08B74A029DF63AE00D70CE3 /* AppDelegate.swift in Sources */,
				D08B74A229DF63AE00D70CE3 /* SceneDelegate.swift in Sources */,
				D0353E8929E1CA2600E3B7CE /* DetailsViewController.swift in Sources */,
				D0353E8B29E1E93100E3B7CE /* WeatherModels.swift in Sources */,
			);
			runOnlyForDeploymentPostprocessing = 0;
		};
		D08B74AE29DF63B000D70CE3 /* Sources */ = {
			isa = PBXSourcesBuildPhase;
			buildActionMask = 2147483647;
			files = (
				D08B74B729DF63B000D70CE3 /* project_2Tests.swift in Sources */,
			);
			runOnlyForDeploymentPostprocessing = 0;
		};
		D08B74B829DF63B000D70CE3 /* Sources */ = {
			isa = PBXSourcesBuildPhase;
			buildActionMask = 2147483647;
			files = (
				D08B74C129DF63B000D70CE3 /* project_2UITests.swift in Sources */,
				D08B74C329DF63B000D70CE3 /* project_2UITestsLaunchTests.swift in Sources */,
			);
			runOnlyForDeploymentPostprocessing = 0;
		};
/* End PBXSourcesBuildPhase section */

/* Begin PBXTargetDependency section */
		D08B74B429DF63B000D70CE3 /* PBXTargetDependency */ = {
			isa = PBXTargetDependency;
			target = D08B749B29DF63AE00D70CE3 /* project_2 */;
			targetProxy = D08B74B329DF63B000D70CE3 /* PBXContainerItemProxy */;
		};
		D08B74BE29DF63B000D70CE3 /* PBXTargetDependency */ = {
			isa = PBXTargetDependency;
			target = D08B749B29DF63AE00D70CE3 /* project_2 */;
			targetProxy = D08B74BD29DF63B000D70CE3 /* PBXContainerItemProxy */;
		};
/* End PBXTargetDependency section */

/* Begin PBXVariantGroup section */
		D08B74A529DF63AE00D70CE3 /* Main.storyboard */ = {
			isa = PBXVariantGroup;
			children = (
				D08B74A629DF63AE00D70CE3 /* Base */,
			);
			name = Main.storyboard;
			sourceTree = "<group>";
		};
		D08B74AA29DF63B000D70CE3 /* LaunchScreen.storyboard */ = {
			isa = PBXVariantGroup;
			children = (
				D08B74AB29DF63B000D70CE3 /* Base */,
			);
			name = LaunchScreen.storyboard;
			sourceTree = "<group>";
		};
/* End PBXVariantGroup section */

/* Begin XCBuildConfiguration section */
		D08B74C429DF63B000D70CE3 /* Debug */ = {
			isa = XCBuildConfiguration;
			buildSettings = {
				ALWAYS_SEARCH_USER_PATHS = NO;
				CLANG_ANALYZER_NONNULL = YES;
				CLANG_ANALYZER_NUMBER_OBJECT_CONVERSION = YES_AGGRESSIVE;
				CLANG_CXX_LANGUAGE_STANDARD = "gnu++20";
				CLANG_ENABLE_MODULES = YES;
				CLANG_ENABLE_OBJC_ARC = YES;
				CLANG_ENABLE_OBJC_WEAK = YES;
				CLANG_WARN_BLOCK_CAPTURE_AUTORELEASING = YES;
				CLANG_WARN_BOOL_CONVERSION = YES;
				CLANG_WARN_COMMA = YES;
				CLANG_WARN_CONSTANT_CONVERSION = YES;
				CLANG_WARN_DEPRECATED_OBJC_IMPLEMENTATIONS = YES;
				CLANG_WARN_DIRECT_OBJC_ISA_USAGE = YES_ERROR;
				CLANG_WARN_DOCUMENTATION_COMMENTS = YES;
				CLANG_WARN_EMPTY_BODY = YES;
				CLANG_WARN_ENUM_CONVERSION = YES;
				CLANG_WARN_INFINITE_RECURSION = YES;
				CLANG_WARN_INT_CONVERSION = YES;
				CLANG_WARN_NON_LITERAL_NULL_CONVERSION = YES;
				CLANG_WARN_OBJC_IMPLICIT_RETAIN_SELF = YES;
				CLANG_WARN_OBJC_LITERAL_CONVERSION = YES;
				CLANG_WARN_OBJC_ROOT_CLASS = YES_ERROR;
				CLANG_WARN_QUOTED_INCLUDE_IN_FRAMEWORK_HEADER = YES;
				CLANG_WARN_RANGE_LOOP_ANALYSIS = YES;
				CLANG_WARN_STRICT_PROTOTYPES = YES;
				CLANG_WARN_SUSPICIOUS_MOVE = YES;
				CLANG_WARN_UNGUARDED_AVAILABILITY = YES_AGGRESSIVE;
				CLANG_WARN_UNREACHABLE_CODE = YES;
				CLANG_WARN__DUPLICATE_METHOD_MATCH = YES;
				COPY_PHASE_STRIP = NO;
				DEBUG_INFORMATION_FORMAT = dwarf;
				ENABLE_STRICT_OBJC_MSGSEND = YES;
				ENABLE_TESTABILITY = YES;
				GCC_C_LANGUAGE_STANDARD = gnu11;
				GCC_DYNAMIC_NO_PIC = NO;
				GCC_NO_COMMON_BLOCKS = YES;
				GCC_OPTIMIZATION_LEVEL = 0;
				GCC_PREPROCESSOR_DEFINITIONS = (
					"DEBUG=1",
					"$(inherited)",
				);
				GCC_WARN_64_TO_32_BIT_CONVERSION = YES;
				GCC_WARN_ABOUT_RETURN_TYPE = YES_ERROR;
				GCC_WARN_UNDECLARED_SELECTOR = YES;
				GCC_WARN_UNINITIALIZED_AUTOS = YES_AGGRESSIVE;
				GCC_WARN_UNUSED_FUNCTION = YES;
				GCC_WARN_UNUSED_VARIABLE = YES;
				IPHONEOS_DEPLOYMENT_TARGET = 16.2;
				MTL_ENABLE_DEBUG_INFO = INCLUDE_SOURCE;
				MTL_FAST_MATH = YES;
				ONLY_ACTIVE_ARCH = YES;
				SDKROOT = iphoneos;
				SWIFT_ACTIVE_COMPILATION_CONDITIONS = DEBUG;
				SWIFT_OPTIMIZATION_LEVEL = "-Onone";
			};
			name = Debug;
		};
		D08B74C529DF63B000D70CE3 /* Release */ = {
			isa = XCBuildConfiguration;
			buildSettings = {
				ALWAYS_SEARCH_USER_PATHS = NO;
				CLANG_ANALYZER_NONNULL = YES;
				CLANG_ANALYZER_NUMBER_OBJECT_CONVERSION = YES_AGGRESSIVE;
				CLANG_CXX_LANGUAGE_STANDARD = "gnu++20";
				CLANG_ENABLE_MODULES = YES;
				CLANG_ENABLE_OBJC_ARC = YES;
				CLANG_ENABLE_OBJC_WEAK = YES;
				CLANG_WARN_BLOCK_CAPTURE_AUTORELEASING = YES;
				CLANG_WARN_BOOL_CONVERSION = YES;
				CLANG_WARN_COMMA = YES;
				CLANG_WARN_CONSTANT_CONVERSION = YES;
				CLANG_WARN_DEPRECATED_OBJC_IMPLEMENTATIONS = YES;
				CLANG_WARN_DIRECT_OBJC_ISA_USAGE = YES_ERROR;
				CLANG_WARN_DOCUMENTATION_COMMENTS = YES;
				CLANG_WARN_EMPTY_BODY = YES;
				CLANG_WARN_ENUM_CONVERSION = YES;
				CLANG_WARN_INFINITE_RECURSION = YES;
				CLANG_WARN_INT_CONVERSION = YES;
				CLANG_WARN_NON_LITERAL_NULL_CONVERSION = YES;
				CLANG_WARN_OBJC_IMPLICIT_RETAIN_SELF = YES;
				CLANG_WARN_OBJC_LITERAL_CONVERSION = YES;
				CLANG_WARN_OBJC_ROOT_CLASS = YES_ERROR;
				CLANG_WARN_QUOTED_INCLUDE_IN_FRAMEWORK_HEADER = YES;
				CLANG_WARN_RANGE_LOOP_ANALYSIS = YES;
				CLANG_WARN_STRICT_PROTOTYPES = YES;
				CLANG_WARN_SUSPICIOUS_MOVE = YES;
				CLANG_WARN_UNGUARDED_AVAILABILITY = YES_AGGRESSIVE;
				CLANG_WARN_UNREACHABLE_CODE = YES;
				CLANG_WARN__DUPLICATE_METHOD_MATCH = YES;
				COPY_PHASE_STRIP = NO;
				DEBUG_INFORMATION_FORMAT = "dwarf-with-dsym";
				ENABLE_NS_ASSERTIONS = NO;
				ENABLE_STRICT_OBJC_MSGSEND = YES;
				GCC_C_LANGUAGE_STANDARD = gnu11;
				GCC_NO_COMMON_BLOCKS = YES;
				GCC_WARN_64_TO_32_BIT_CONVERSION = YES;
				GCC_WARN_ABOUT_RETURN_TYPE = YES_ERROR;
				GCC_WARN_UNDECLARED_SELECTOR = YES;
				GCC_WARN_UNINITIALIZED_AUTOS = YES_AGGRESSIVE;
				GCC_WARN_UNUSED_FUNCTION = YES;
				GCC_WARN_UNUSED_VARIABLE = YES;
				IPHONEOS_DEPLOYMENT_TARGET = 16.2;
				MTL_ENABLE_DEBUG_INFO = NO;
				MTL_FAST_MATH = YES;
				SDKROOT = iphoneos;
				SWIFT_COMPILATION_MODE = wholemodule;
				SWIFT_OPTIMIZATION_LEVEL = "-O";
				VALIDATE_PRODUCT = YES;
			};
			name = Release;
		};
		D08B74C729DF63B000D70CE3 /* Debug */ = {
			isa = XCBuildConfiguration;
			buildSettings = {
				ASSETCATALOG_COMPILER_APPICON_NAME = AppIcon;
				ASSETCATALOG_COMPILER_GLOBAL_ACCENT_COLOR_NAME = AccentColor;
				CODE_SIGN_STYLE = Automatic;
				CURRENT_PROJECT_VERSION = 1;
				GENERATE_INFOPLIST_FILE = YES;
				INFOPLIST_FILE = project_2/Info.plist;
				INFOPLIST_KEY_UIApplicationSupportsIndirectInputEvents = YES;
				INFOPLIST_KEY_UILaunchStoryboardName = LaunchScreen;
				INFOPLIST_KEY_UIMainStoryboardFile = Main;
				INFOPLIST_KEY_UISupportedInterfaceOrientations_iPad = "UIInterfaceOrientationPortrait UIInterfaceOrientationPortraitUpsideDown UIInterfaceOrientationLandscapeLeft UIInterfaceOrientationLandscapeRight";
				INFOPLIST_KEY_UISupportedInterfaceOrientations_iPhone = "UIInterfaceOrientationPortrait UIInterfaceOrientationLandscapeLeft UIInterfaceOrientationLandscapeRight";
				LD_RUNPATH_SEARCH_PATHS = (
					"$(inherited)",
					"@executable_path/Frameworks",
				);
				MARKETING_VERSION = 1.0;
				PRODUCT_BUNDLE_IDENTIFIER = "example.com.rajrana.project-2";
				PRODUCT_NAME = "$(TARGET_NAME)";
				SWIFT_EMIT_LOC_STRINGS = YES;
				SWIFT_VERSION = 5.0;
				TARGETED_DEVICE_FAMILY = "1,2";
			};
			name = Debug;
		};
		D08B74C829DF63B000D70CE3 /* Release */ = {
			isa = XCBuildConfiguration;
			buildSettings = {
				ASSETCATALOG_COMPILER_APPICON_NAME = AppIcon;
				ASSETCATALOG_COMPILER_GLOBAL_ACCENT_COLOR_NAME = AccentColor;
				CODE_SIGN_STYLE = Automatic;
				CURRENT_PROJECT_VERSION = 1;
				GENERATE_INFOPLIST_FILE = YES;
				INFOPLIST_FILE = project_2/Info.plist;
				INFOPLIST_KEY_UIApplicationSupportsIndirectInputEvents = YES;
				INFOPLIST_KEY_UILaunchStoryboardName = LaunchScreen;
				INFOPLIST_KEY_UIMainStoryboardFile = Main;
				INFOPLIST_KEY_UISupportedInterfaceOrientations_iPad = "UIInterfaceOrientationPortrait UIInterfaceOrientationPortraitUpsideDown UIInterfaceOrientationLandscapeLeft UIInterfaceOrientationLandscapeRight";
				INFOPLIST_KEY_UISupportedInterfaceOrientations_iPhone = "UIInterfaceOrientationPortrait UIInterfaceOrientationLandscapeLeft UIInterfaceOrientationLandscapeRight";
				LD_RUNPATH_SEARCH_PATHS = (
					"$(inherited)",
					"@executable_path/Frameworks",
				);
				MARKETING_VERSION = 1.0;
				PRODUCT_BUNDLE_IDENTIFIER = "example.com.rajrana.project-2";
				PRODUCT_NAME = "$(TARGET_NAME)";
				SWIFT_EMIT_LOC_STRINGS = YES;
				SWIFT_VERSION = 5.0;
				TARGETED_DEVICE_FAMILY = "1,2";
			};
			name = Release;
		};
		D08B74CA29DF63B000D70CE3 /* Debug */ = {
			isa = XCBuildConfiguration;
			buildSettings = {
				ALWAYS_EMBED_SWIFT_STANDARD_LIBRARIES = YES;
				BUNDLE_LOADER = "$(TEST_HOST)";
				CODE_SIGN_STYLE = Automatic;
				CURRENT_PROJECT_VERSION = 1;
				GENERATE_INFOPLIST_FILE = YES;
				IPHONEOS_DEPLOYMENT_TARGET = 16.2;
				MARKETING_VERSION = 1.0;
				PRODUCT_BUNDLE_IDENTIFIER = "example.com.rajrana.project-2Tests";
				PRODUCT_NAME = "$(TARGET_NAME)";
				SWIFT_EMIT_LOC_STRINGS = NO;
				SWIFT_VERSION = 5.0;
				TARGETED_DEVICE_FAMILY = "1,2";
				TEST_HOST = "$(BUILT_PRODUCTS_DIR)/project_2.app/$(BUNDLE_EXECUTABLE_FOLDER_PATH)/project_2";
			};
			name = Debug;
		};
		D08B74CB29DF63B000D70CE3 /* Release */ = {
			isa = XCBuildConfiguration;
			buildSettings = {
				ALWAYS_EMBED_SWIFT_STANDARD_LIBRARIES = YES;
				BUNDLE_LOADER = "$(TEST_HOST)";
				CODE_SIGN_STYLE = Automatic;
				CURRENT_PROJECT_VERSION = 1;
				GENERATE_INFOPLIST_FILE = YES;
				IPHONEOS_DEPLOYMENT_TARGET = 16.2;
				MARKETING_VERSION = 1.0;
				PRODUCT_BUNDLE_IDENTIFIER = "example.com.rajrana.project-2Tests";
				PRODUCT_NAME = "$(TARGET_NAME)";
				SWIFT_EMIT_LOC_STRINGS = NO;
				SWIFT_VERSION = 5.0;
				TARGETED_DEVICE_FAMILY = "1,2";
				TEST_HOST = "$(BUILT_PRODUCTS_DIR)/project_2.app/$(BUNDLE_EXECUTABLE_FOLDER_PATH)/project_2";
			};
			name = Release;
		};
		D08B74CD29DF63B000D70CE3 /* Debug */ = {
			isa = XCBuildConfiguration;
			buildSettings = {
				ALWAYS_EMBED_SWIFT_STANDARD_LIBRARIES = YES;
				CODE_SIGN_STYLE = Automatic;
				CURRENT_PROJECT_VERSION = 1;
				GENERATE_INFOPLIST_FILE = YES;
				MARKETING_VERSION = 1.0;
				PRODUCT_BUNDLE_IDENTIFIER = "example.com.rajrana.project-2UITests";
				PRODUCT_NAME = "$(TARGET_NAME)";
				SWIFT_EMIT_LOC_STRINGS = NO;
				SWIFT_VERSION = 5.0;
				TARGETED_DEVICE_FAMILY = "1,2";
				TEST_TARGET_NAME = project_2;
			};
			name = Debug;
		};
		D08B74CE29DF63B000D70CE3 /* Release */ = {
			isa = XCBuildConfiguration;
			buildSettings = {
				ALWAYS_EMBED_SWIFT_STANDARD_LIBRARIES = YES;
				CODE_SIGN_STYLE = Automatic;
				CURRENT_PROJECT_VERSION = 1;
				GENERATE_INFOPLIST_FILE = YES;
				MARKETING_VERSION = 1.0;
				PRODUCT_BUNDLE_IDENTIFIER = "example.com.rajrana.project-2UITests";
				PRODUCT_NAME = "$(TARGET_NAME)";
				SWIFT_EMIT_LOC_STRINGS = NO;
				SWIFT_VERSION = 5.0;
				TARGETED_DEVICE_FAMILY = "1,2";
				TEST_TARGET_NAME = project_2;
			};
			name = Release;
		};
/* End XCBuildConfiguration section */

/* Begin XCConfigurationList section */
		D08B749729DF63AE00D70CE3 /* Build configuration list for PBXProject "project_2" */ = {
			isa = XCConfigurationList;
			buildConfigurations = (
				D08B74C429DF63B000D70CE3 /* Debug */,
				D08B74C529DF63B000D70CE3 /* Release */,
			);
			defaultConfigurationIsVisible = 0;
			defaultConfigurationName = Release;
		};
		D08B74C629DF63B000D70CE3 /* Build configuration list for PBXNativeTarget "project_2" */ = {
			isa = XCConfigurationList;
			buildConfigurations = (
				D08B74C729DF63B000D70CE3 /* Debug */,
				D08B74C829DF63B000D70CE3 /* Release */,
			);
			defaultConfigurationIsVisible = 0;
			defaultConfigurationName = Release;
		};
		D08B74C929DF63B000D70CE3 /* Build configuration list for PBXNativeTarget "project_2Tests" */ = {
			isa = XCConfigurationList;
			buildConfigurations = (
				D08B74CA29DF63B000D70CE3 /* Debug */,
				D08B74CB29DF63B000D70CE3 /* Release */,
			);
			defaultConfigurationIsVisible = 0;
			defaultConfigurationName = Release;
		};
		D08B74CC29DF63B000D70CE3 /* Build configuration list for PBXNativeTarget "project_2UITests" */ = {
			isa = XCConfigurationList;
			buildConfigurations = (
				D08B74CD29DF63B000D70CE3 /* Debug */,
				D08B74CE29DF63B000D70CE3 /* Release */,
			);
			defaultConfigurationIsVisible = 0;
			defaultConfigurationName = Release;
		};
/* End XCConfigurationList section */
	};
	rootObject = D08B749429DF63AE00D70CE3 /* Project object */;
}
